# This file was autogenerated by Stack.
# You should not edit this file by hand.
# For more information, please see the documentation at:
#   https://docs.haskellstack.org/en/stable/lock_files

packages: []
snapshots:
- completed:
    size: 590102
    url: https://raw.githubusercontent.com/commercialhaskell/stackage-snapshots/master/lts/18/26.yaml
    sha256: e76d109964d9335abb412e22139c5bce3078be290ac6d90b8ecea6cc009bb198
  original: lts-18.26
